
Microsoft Visual Studio Solution File, Format Version 12.00
# Visual Studio Version 17
VisualStudioVersion = 17.5.33103.201
MinimumVisualStudioVersion = 10.0.40219.1
Project("{9A19103F-16F7-4668-BE54-9A1E7A4F7556}") = "EisntLivrosWeb", "EisntLivrosWeb\EisntLivrosWeb.csproj", "{3DCBA089-668F-416E-8C76-F7B75D8609AF}"
EndProject
Project("{FAE04EC0-301F-11D3-BF4B-00C04F79EFBC}") = "EisntLivros.DataAccess", "EisntLivros.DataAccess\EisntLivros.DataAccess.csproj", "{D633AD7A-50F2-475D-9063-32F2765662D4}"
EndProject
Project("{FAE04EC0-301F-11D3-BF4B-00C04F79EFBC}") = "EisntLivros.Models", "EisntLivros.Models\EisntLivros.Models.csproj", "{D2FAFE3D-7A1B-48E5-AA4D-72D0840F0673}"
EndProject
Project("{FAE04EC0-301F-11D3-BF4B-00C04F79EFBC}") = "EisntLivros.Utility", "EisntLivros.Utility\EisntLivros.Utility.csproj", "{E20EE1B5-7BC1-4629-9424-367421FDD239}"
EndProject
Global
	GlobalSection(SolutionConfigurationPlatforms) = preSolution
		Debug|Any CPU = Debug|Any CPU
		Release|Any CPU = Release|Any CPU
	EndGlobalSection
	GlobalSection(ProjectConfigurationPlatforms) = postSolution
		{3DCBA089-668F-416E-8C76-F7B75D8609AF}.Debug|Any CPU.ActiveCfg = Debug|Any CPU
		{3DCBA089-668F-416E-8C76-F7B75D8609AF}.Debug|Any CPU.Build.0 = Debug|Any CPU
		{3DCBA089-668F-416E-8C76-F7B75D8609AF}.Release|Any CPU.ActiveCfg = Release|Any CPU
		{3DCBA089-668F-416E-8C76-F7B75D8609AF}.Release|Any CPU.Build.0 = Release|Any CPU
		{D633AD7A-50F2-475D-9063-32F2765662D4}.Debug|Any CPU.ActiveCfg = Debug|Any CPU
		{D633AD7A-50F2-475D-9063-32F2765662D4}.Debug|Any CPU.Build.0 = Debug|Any CPU
		{D633AD7A-50F2-475D-9063-32F2765662D4}.Release|Any CPU.ActiveCfg = Release|Any CPU
		{D633AD7A-50F2-475D-9063-32F2765662D4}.Release|Any CPU.Build.0 = Release|Any CPU
		{D2FAFE3D-7A1B-48E5-AA4D-72D0840F0673}.Debug|Any CPU.ActiveCfg = Debug|Any CPU
		{D2FAFE3D-7A1B-48E5-AA4D-72D0840F0673}.Debug|Any CPU.Build.0 = Debug|Any CPU
		{D2FAFE3D-7A1B-48E5-AA4D-72D0840F0673}.Release|Any CPU.ActiveCfg = Release|Any CPU
		{D2FAFE3D-7A1B-48E5-AA4D-72D0840F0673}.Release|Any CPU.Build.0 = Release|Any CPU
		{E20EE1B5-7BC1-4629-9424-367421FDD239}.Debug|Any CPU.ActiveCfg = Debug|Any CPU
		{E20EE1B5-7BC1-4629-9424-367421FDD239}.Debug|Any CPU.Build.0 = Debug|Any CPU
		{E20EE1B5-7BC1-4629-9424-367421FDD239}.Release|Any CPU.ActiveCfg = Release|Any CPU
		{E20EE1B5-7BC1-4629-9424-367421FDD239}.Release|Any CPU.Build.0 = Release|Any CPU
	EndGlobalSection
	GlobalSection(SolutionProperties) = preSolution
		HideSolutionNode = FALSE
	EndGlobalSection
	GlobalSection(ExtensibilityGlobals) = postSolution
		SolutionGuid = {78659500-5189-4608-B7F9-88B1304132AF}
	EndGlobalSection
EndGlobal
